{
  "name": "turborepo",
  "version": "1.0.0",
  "lockfileVersion": 2,
  "requires": true,
  "packages": {
    "": {
      "name": "turborepo",
      "version": "1.0.0",
      "license": "ISC",
      "devDependencies": {
        "turbo": "^1.5.5"
      }
    },
    "node_modules/turbo": {
      "version": "1.5.5",
      "resolved": "https://registry.npmjs.org/turbo/-/turbo-1.5.5.tgz",
      "integrity": "sha512-PVQSDl0STC9WXIyHcYUWs9gXsf8JjQig/FuHfuB8N6+XlgCGB3mPbfMEE6zrChGz2hufH4/guKRX1XJuNL6XTA==",
      "dev": true,
      "hasInstallScript": true,
      "bin": {
        "turbo": "bin/turbo"
      },
      "optionalDependencies": {
        "turbo-darwin-64": "1.5.5",
        "turbo-darwin-arm64": "1.5.5",
        "turbo-linux-64": "1.5.5",
        "turbo-linux-arm64": "1.5.5",
        "turbo-windows-64": "1.5.5",
        "turbo-windows-arm64": "1.5.5"
      }
    },
    "node_modules/turbo-darwin-64": {
      "version": "1.5.5",
      "resolved": "https://registry.npmjs.org/turbo-darwin-64/-/turbo-darwin-64-1.5.5.tgz",
      "integrity": "sha512-HvEn6P2B+NXDekq9LRpRgUjcT9/oygLTcK47U0qsAJZXRBSq/2hvD7lx4nAwgY/4W3rhYJeWtHTzbhoN6BXqGQ==",
      "cpu": [
        "x64"
      ],
      "dev": true,
      "optional": true,
      "os": [
        "darwin"
      ]
    },
    "node_modules/turbo-darwin-arm64": {
      "version": "1.5.5",
      "resolved": "https://registry.npmjs.org/turbo-darwin-arm64/-/turbo-darwin-arm64-1.5.5.tgz",
      "integrity": "sha512-Dmxr09IUy6M0nc7/xWod9galIO2DD500B75sJSkHeT+CCdJOWnlinux0ZPF8CSygNqymwYO8AO2l15/6yxcycg==",
      "cpu": [
        "arm64"
      ],
      "dev": true,
      "optional": true,
      "os": [
        "darwin"
      ]
    },
    "node_modules/turbo-linux-64": {
      "version": "1.5.5",
      "resolved": "https://registry.npmjs.org/turbo-linux-64/-/turbo-linux-64-1.5.5.tgz",
      "integrity": "sha512-wd07TZ4zXXWjzZE00FcFMLmkybQQK/NV9ff66vvAV0vdiuacSMBCNLrD6Mm4ncfrUPW/rwFW5kU/7hyuEqqtDw==",
      "cpu": [
        "x64"
      ],
      "dev": true,
      "optional": true,
      "os": [
        "linux"
      ]
    },
    "node_modules/turbo-linux-arm64": {
      "version": "1.5.5",
      "resolved": "https://registry.npmjs.org/turbo-linux-arm64/-/turbo-linux-arm64-1.5.5.tgz",
      "integrity": "sha512-q3q33tuo74R7gicnfvFbnZZvqmlq7Vakcvx0eshifnJw4PR+oMnTCb4w8ElVFx070zsb8DVTibq99y8NJH8T1Q==",
      "cpu": [
        "arm64"
      ],
      "dev": true,
      "optional": true,
      "os": [
        "linux"
      ]
    },
    "node_modules/turbo-windows-64": {
      "version": "1.5.5",
      "resolved": "https://registry.npmjs.org/turbo-windows-64/-/turbo-windows-64-1.5.5.tgz",
      "integrity": "sha512-lPp9kHonNFfqgovbaW+UAPO5cLmoAN+m3G3FzqcrRPnlzt97vXYsDhDd/4Zy3oAKoAcprtP4CGy0ddisqsKTVw==",
      "cpu": [
        "x64"
      ],
      "dev": true,
      "optional": true,
      "os": [
        "win32"
      ]
    },
    "node_modules/turbo-windows-arm64": {
      "version": "1.5.5",
      "resolved": "https://registry.npmjs.org/turbo-windows-arm64/-/turbo-windows-arm64-1.5.5.tgz",
      "integrity": "sha512-3AfGULKNZiZVrEzsIE+W79ZRW1+f5r4nM4wLlJ1PTBHyRxBZdD6KTH1tijGfy/uTlcV5acYnKHEkDc6Q9PAXGQ==",
      "cpu": [
        "arm64"
      ],
      "dev": true,
      "optional": true,
      "os": [
        "win32"
      ]
    }
  },
  "dependencies": {
    "turbo": {
      "version": "1.5.5",
      "resolved": "https://registry.npmjs.org/turbo/-/turbo-1.5.5.tgz",
      "integrity": "sha512-PVQSDl0STC9WXIyHcYUWs9gXsf8JjQig/FuHfuB8N6+XlgCGB3mPbfMEE6zrChGz2hufH4/guKRX1XJuNL6XTA==",
      "dev": true,
      "requires": {
        "turbo-darwin-64": "1.5.5",
        "turbo-darwin-arm64": "1.5.5",
        "turbo-linux-64": "1.5.5",
        "turbo-linux-arm64": "1.5.5",
        "turbo-windows-64": "1.5.5",
        "turbo-windows-arm64": "1.5.5"
      }
    },
    "turbo-darwin-64": {
      "version": "1.5.5",
      "resolved": "https://registry.npmjs.org/turbo-darwin-64/-/turbo-darwin-64-1.5.5.tgz",
      "integrity": "sha512-HvEn6P2B+NXDekq9LRpRgUjcT9/oygLTcK47U0qsAJZXRBSq/2hvD7lx4nAwgY/4W3rhYJeWtHTzbhoN6BXqGQ==",
      "dev": true,
      "optional": true
    },
    "turbo-darwin-arm64": {
      "version": "1.5.5",
      "resolved": "https://registry.npmjs.org/turbo-darwin-arm64/-/turbo-darwin-arm64-1.5.5.tgz",
      "integrity": "sha512-Dmxr09IUy6M0nc7/xWod9galIO2DD500B75sJSkHeT+CCdJOWnlinux0ZPF8CSygNqymwYO8AO2l15/6yxcycg==",
      "dev": true,
      "optional": true
    },
    "turbo-linux-64": {
      "version": "1.5.5",
      "resolved": "https://registry.npmjs.org/turbo-linux-64/-/turbo-linux-64-1.5.5.tgz",
      "integrity": "sha512-wd07TZ4zXXWjzZE00FcFMLmkybQQK/NV9ff66vvAV0vdiuacSMBCNLrD6Mm4ncfrUPW/rwFW5kU/7hyuEqqtDw==",
      "dev": true,
      "optional": true
    },
    "turbo-linux-arm64": {
      "version": "1.5.5",
      "resolved": "https://registry.npmjs.org/turbo-linux-arm64/-/turbo-linux-arm64-1.5.5.tgz",
      "integrity": "sha512-q3q33tuo74R7gicnfvFbnZZvqmlq7Vakcvx0eshifnJw4PR+oMnTCb4w8ElVFx070zsb8DVTibq99y8NJH8T1Q==",
      "dev": true,
      "optional": true
    },
    "turbo-windows-64": {
      "version": "1.5.5",
      "resolved": "https://registry.npmjs.org/turbo-windows-64/-/turbo-windows-64-1.5.5.tgz",
      "integrity": "sha512-lPp9kHonNFfqgovbaW+UAPO5cLmoAN+m3G3FzqcrRPnlzt97vXYsDhDd/4Zy3oAKoAcprtP4CGy0ddisqsKTVw==",
      "dev": true,
      "optional": true
    },
    "turbo-windows-arm64": {
      "version": "1.5.5",
      "resolved": "https://registry.npmjs.org/turbo-windows-arm64/-/turbo-windows-arm64-1.5.5.tgz",
      "integrity": "sha512-3AfGULKNZiZVrEzsIE+W79ZRW1+f5r4nM4wLlJ1PTBHyRxBZdD6KTH1tijGfy/uTlcV5acYnKHEkDc6Q9PAXGQ==",
      "dev": true,
      "optional": true
    }
  }
}
